
Microsoft Visual Studio Solution File, Format Version 12.00
# Visual Studio Version 16
VisualStudioVersion = 16.0.31129.286
MinimumVisualStudioVersion = 10.0.40219.1
Project("{9A19103F-16F7-4668-BE54-9A1E7A4F7556}") = "TP-PW3-GRUPO-5", "TP-PW3-GRUPO-5\TP-PW3-GRUPO-5.csproj", "{F1557241-7DB5-44DA-AA16-BA473C1D72F1}"
EndProject
Project("{9A19103F-16F7-4668-BE54-9A1E7A4F7556}") = "Entidades", "Entidades\Entidades.csproj", "{2DCE5330-E857-4417-9192-06C0485A5C9D}"
EndProject
Global
	GlobalSection(SolutionConfigurationPlatforms) = preSolution
		Debug|Any CPU = Debug|Any CPU
		Release|Any CPU = Release|Any CPU
	EndGlobalSection
	GlobalSection(ProjectConfigurationPlatforms) = postSolution
		{F1557241-7DB5-44DA-AA16-BA473C1D72F1}.Debug|Any CPU.ActiveCfg = Debug|Any CPU
		{F1557241-7DB5-44DA-AA16-BA473C1D72F1}.Debug|Any CPU.Build.0 = Debug|Any CPU
		{F1557241-7DB5-44DA-AA16-BA473C1D72F1}.Release|Any CPU.ActiveCfg = Release|Any CPU
		{F1557241-7DB5-44DA-AA16-BA473C1D72F1}.Release|Any CPU.Build.0 = Release|Any CPU
		{2DCE5330-E857-4417-9192-06C0485A5C9D}.Debug|Any CPU.ActiveCfg = Debug|Any CPU
		{2DCE5330-E857-4417-9192-06C0485A5C9D}.Debug|Any CPU.Build.0 = Debug|Any CPU
		{2DCE5330-E857-4417-9192-06C0485A5C9D}.Release|Any CPU.ActiveCfg = Release|Any CPU
		{2DCE5330-E857-4417-9192-06C0485A5C9D}.Release|Any CPU.Build.0 = Release|Any CPU
	EndGlobalSection
	GlobalSection(SolutionProperties) = preSolution
		HideSolutionNode = FALSE
	EndGlobalSection
	GlobalSection(ExtensibilityGlobals) = postSolution
		SolutionGuid = {BCCE83B7-F5B5-4EF2-8646-A906A7330A18}
	EndGlobalSection
EndGlobal
